
Microsoft Visual Studio Solution File, Format Version 12.00
# Visual Studio Version 16
VisualStudioVersion = 16.0.30002.166
MinimumVisualStudioVersion = 10.0.40219.1
Project("{FAE04EC0-301F-11D3-BF4B-00C04F79EFBC}") = "ClassesFilesDateTime", "ClassesFilesDateTime\ClassesFilesDateTime.csproj", "{C60AFCF1-055B-499C-A266-7BFAF9DD7969}"
EndProject
Global
	GlobalSection(SolutionConfigurationPlatforms) = preSolution
		Debug|Any CPU = Debug|Any CPU
		Release|Any CPU = Release|Any CPU
	EndGlobalSection
	GlobalSection(ProjectConfigurationPlatforms) = postSolution
		{C60AFCF1-055B-499C-A266-7BFAF9DD7969}.Debug|Any CPU.ActiveCfg = Debug|Any CPU
		{C60AFCF1-055B-499C-A266-7BFAF9DD7969}.Debug|Any CPU.Build.0 = Debug|Any CPU
		{C60AFCF1-055B-499C-A266-7BFAF9DD7969}.Release|Any CPU.ActiveCfg = Release|Any CPU
		{C60AFCF1-055B-499C-A266-7BFAF9DD7969}.Release|Any CPU.Build.0 = Release|Any CPU
	EndGlobalSection
	GlobalSection(SolutionProperties) = preSolution
		HideSolutionNode = FALSE
	EndGlobalSection
	GlobalSection(ExtensibilityGlobals) = postSolution
		SolutionGuid = {0352BB61-8985-4BA8-A363-0768949CCB4D}
	EndGlobalSection
EndGlobal
